Microsoft Visual Studio Solution File, Format Version 11.00
# Visual Studio 2008

Project("{4BE309A3-5E04-92F3-1D16-0FDA3BB43FA7}") = "BouncyPuck3D", "Assembly-CSharp.csproj", "{DDE3A2DB-C5AF-05DE-98B9-28693DE8A69C}"
EndProject
Project("{4BE309A3-5E04-92F3-1D16-0FDA3BB43FA7}") = "BouncyPuck3D", "Assembly-CSharp-Editor.csproj", "{7DF885BA-9272-9A3F-A417-7F2AC9B03E6D}"
EndProject
Global
	GlobalSection(SolutionConfigurationPlatforms) = preSolution
		Debug|Any CPU = Debug|Any CPU
		Release|Any CPU = Release|Any CPU
	EndGlobalSection
	GlobalSection(ProjectConfigurationPlatforms) = postSolution
		{DDE3A2DB-C5AF-05DE-98B9-28693DE8A69C}.Debug|Any CPU.ActiveCfg = Debug|Any CPU
		{DDE3A2DB-C5AF-05DE-98B9-28693DE8A69C}.Debug|Any CPU.Build.0 = Debug|Any CPU
		{DDE3A2DB-C5AF-05DE-98B9-28693DE8A69C}.Release|Any CPU.ActiveCfg = Release|Any CPU
		{DDE3A2DB-C5AF-05DE-98B9-28693DE8A69C}.Release|Any CPU.Build.0 = Release|Any CPU
		{7DF885BA-9272-9A3F-A417-7F2AC9B03E6D}.Debug|Any CPU.ActiveCfg = Debug|Any CPU
		{7DF885BA-9272-9A3F-A417-7F2AC9B03E6D}.Debug|Any CPU.Build.0 = Debug|Any CPU
		{7DF885BA-9272-9A3F-A417-7F2AC9B03E6D}.Release|Any CPU.ActiveCfg = Release|Any CPU
		{7DF885BA-9272-9A3F-A417-7F2AC9B03E6D}.Release|Any CPU.Build.0 = Release|Any CPU
	EndGlobalSection
	GlobalSection(SolutionProperties) = preSolution
		HideSolutionNode = FALSE
	EndGlobalSection
	GlobalSection(MonoDevelopProperties) = preSolution
		StartupItem = Assembly-CSharp.csproj
	EndGlobalSection
EndGlobal
